
Microsoft Visual Studio Solution File, Format Version 12.00
# Visual Studio Version 17
VisualStudioVersion = 17.2.32630.192
MinimumVisualStudioVersion = 10.0.40219.1
Project("{9A19103F-16F7-4668-BE54-9A1E7A4F7556}") = "FilmesAPI", "FilmesAPI.csproj", "{20419DBE-CC6D-4924-B52A-A7A558D6D1EC}"
EndProject
Project("{FAE04EC0-301F-11D3-BF4B-00C04F79EFBC}") = "UsuariosAPI", "..\UsuariosAPI\UsuariosAPI.csproj", "{B7535792-8735-4639-A96D-47CFD0ADDFA2}"
EndProject
Global
	GlobalSection(SolutionConfigurationPlatforms) = preSolution
		Debug|Any CPU = Debug|Any CPU
		Release|Any CPU = Release|Any CPU
	EndGlobalSection
	GlobalSection(ProjectConfigurationPlatforms) = postSolution
		{20419DBE-CC6D-4924-B52A-A7A558D6D1EC}.Debug|Any CPU.ActiveCfg = Debug|Any CPU
		{20419DBE-CC6D-4924-B52A-A7A558D6D1EC}.Debug|Any CPU.Build.0 = Debug|Any CPU
		{20419DBE-CC6D-4924-B52A-A7A558D6D1EC}.Release|Any CPU.ActiveCfg = Release|Any CPU
		{20419DBE-CC6D-4924-B52A-A7A558D6D1EC}.Release|Any CPU.Build.0 = Release|Any CPU
		{B7535792-8735-4639-A96D-47CFD0ADDFA2}.Debug|Any CPU.ActiveCfg = Debug|Any CPU
		{B7535792-8735-4639-A96D-47CFD0ADDFA2}.Debug|Any CPU.Build.0 = Debug|Any CPU
		{B7535792-8735-4639-A96D-47CFD0ADDFA2}.Release|Any CPU.ActiveCfg = Release|Any CPU
		{B7535792-8735-4639-A96D-47CFD0ADDFA2}.Release|Any CPU.Build.0 = Release|Any CPU
	EndGlobalSection
	GlobalSection(SolutionProperties) = preSolution
		HideSolutionNode = FALSE
	EndGlobalSection
	GlobalSection(ExtensibilityGlobals) = postSolution
		SolutionGuid = {064BCD2C-65B6-4580-B96D-1E9F1E918758}
	EndGlobalSection
EndGlobal
